// !$*UTF8*$!
{
	archiveVersion = 1;
	classes = {
	};
	objectVersion = 52;
	objects = {

/* Begin PBXBuildFile section */
		8DD86ECE2423BF80001BB2B9 /* GoogleService-Info.plist in Resources */ = {isa = PBXBuildFile; fileRef = 8DD86ECD2423BF80001BB2B9 /* GoogleService-Info.plist */; };
		8DDE58592423F68B00649841 /* ChatViewController.swift in Sources */ = {isa = PBXBuildFile; fileRef = 8DDE58582423F68B00649841 /* ChatViewController.swift */; };
		8DDE585B2425085F00649841 /* Constsnts.swift in Sources */ = {isa = PBXBuildFile; fileRef = 8DDE585A2425085F00649841 /* Constsnts.swift */; };
		8DDE585D2426323600649841 /* Message.swift in Sources */ = {isa = PBXBuildFile; fileRef = 8DDE585C2426323600649841 /* Message.swift */; };
		8DDE58612426786000649841 /* MessageCell.swift in Sources */ = {isa = PBXBuildFile; fileRef = 8DDE585F2426786000649841 /* MessageCell.swift */; };
		8DDE58622426786000649841 /* MessageCell.xib in Resources */ = {isa = PBXBuildFile; fileRef = 8DDE58602426786000649841 /* MessageCell.xib */; };
		8DDE5865242814B500649841 /* IQKeyboardManagerSwift in Frameworks */ = {isa = PBXBuildFile; productRef = 8DDE5864242814B500649841 /* IQKeyboardManagerSwift */; };
		8DE383D92421018400B9D303 /* AppDelegate.swift in Sources */ = {isa = PBXBuildFile; fileRef = 8DE383D82421018400B9D303 /* AppDelegate.swift */; };
		8DE383DB2421018400B9D303 /* SceneDelegate.swift in Sources */ = {isa = PBXBuildFile; fileRef = 8DE383DA2421018400B9D303 /* SceneDelegate.swift */; };
		8DE383E02421018400B9D303 /* Main.storyboard in Resources */ = {isa = PBXBuildFile; fileRef = 8DE383DE2421018400B9D303 /* Main.storyboard */; };
		8DE383E22421018600B9D303 /* Assets.xcassets in Resources */ = {isa = PBXBuildFile; fileRef = 8DE383E12421018600B9D303 /* Assets.xcassets */; };
		8DE383E52421018600B9D303 /* LaunchScreen.storyboard in Resources */ = {isa = PBXBuildFile; fileRef = 8DE383E32421018600B9D303 /* LaunchScreen.storyboard */; };
		8DE383ED24216D4900B9D303 /* MainViewController.swift in Sources */ = {isa = PBXBuildFile; fileRef = 8DE383EC24216D4900B9D303 /* MainViewController.swift */; };
		8DE383EF2422B5BC00B9D303 /* RegisterViewController.swift in Sources */ = {isa = PBXBuildFile; fileRef = 8DE383EE2422B5BC00B9D303 /* RegisterViewController.swift */; };
		8DE383F12422B5CE00B9D303 /* LoginViewController.swift in Sources */ = {isa = PBXBuildFile; fileRef = 8DE383F02422B5CE00B9D303 /* LoginViewController.swift */; };
		BEEB299F853E0CD381EA08D8 /* Pods_ChatApp_iOS13.framework in Frameworks */ = {isa = PBXBuildFile; fileRef = F49A9CB93EAD9DD0B5F1F9C6 /* Pods_ChatApp_iOS13.framework */; };
/* End PBXBuildFile section */

/* Begin PBXFileReference section */
		8DD86ECD2423BF80001BB2B9 /* GoogleService-Info.plist */ = {isa = PBXFileReference; fileEncoding = 4; lastKnownFileType = text.plist.xml; path = "GoogleService-Info.plist"; sourceTree = "<group>"; };
		8DDE58582423F68B00649841 /* ChatViewController.swift */ = {isa = PBXFileReference; lastKnownFileType = sourcecode.swift; path = ChatViewController.swift; sourceTree = "<group>"; };
		8DDE585A2425085F00649841 /* Constsnts.swift */ = {isa = PBXFileReference; lastKnownFileType = sourcecode.swift; path = Constsnts.swift; sourceTree = "<group>"; };
		8DDE585C2426323600649841 /* Message.swift */ = {isa = PBXFileReference; lastKnownFileType = sourcecode.swift; path = Message.swift; sourceTree = "<group>"; };
		8DDE585F2426786000649841 /* MessageCell.swift */ = {isa = PBXFileReference; lastKnownFileType = sourcecode.swift; path = MessageCell.swift; sourceTree = "<group>"; };
		8DDE58602426786000649841 /* MessageCell.xib */ = {isa = PBXFileReference; lastKnownFileType = file.xib; path = MessageCell.xib; sourceTree = "<group>"; };
		8DE383D52421018400B9D303 /* ChatApp-iOS13.app */ = {isa = PBXFileReference; explicitFileType = wrapper.application; includeInIndex = 0; path = "ChatApp-iOS13.app"; sourceTree = BUILT_PRODUCTS_DIR; };
		8DE383D82421018400B9D303 /* AppDelegate.swift */ = {isa = PBXFileReference; lastKnownFileType = sourcecode.swift; path = AppDelegate.swift; sourceTree = "<group>"; };
		8DE383DA2421018400B9D303 /* SceneDelegate.swift */ = {isa = PBXFileReference; lastKnownFileType = sourcecode.swift; path = SceneDelegate.swift; sourceTree = "<group>"; };
		8DE383DF2421018400B9D303 /* Base */ = {isa = PBXFileReference; lastKnownFileType = file.storyboard; name = Base; path = Base.lproj/Main.storyboard; sourceTree = "<group>"; };
		8DE383E12421018600B9D303 /* Assets.xcassets */ = {isa = PBXFileReference; lastKnownFileType = folder.assetcatalog; path = Assets.xcassets; sourceTree = "<group>"; };
		8DE383E42421018600B9D303 /* Base */ = {isa = PBXFileReference; lastKnownFileType = file.storyboard; name = Base; path = Base.lproj/LaunchScreen.storyboard; sourceTree = "<group>"; };
		8DE383E62421018600B9D303 /* Info.plist */ = {isa = PBXFileReference; lastKnownFileType = text.plist.xml; path = Info.plist; sourceTree = "<group>"; };
		8DE383EC24216D4900B9D303 /* MainViewController.swift */ = {isa = PBXFileReference; lastKnownFileType = sourcecode.swift; path = MainViewController.swift; sourceTree = "<group>"; };
		8DE383EE2422B5BC00B9D303 /* RegisterViewController.swift */ = {isa = PBXFileReference; lastKnownFileType = sourcecode.swift; path = RegisterViewController.swift; sourceTree = "<group>"; };
		8DE383F02422B5CE00B9D303 /* LoginViewController.swift */ = {isa = PBXFileReference; lastKnownFileType = sourcecode.swift; path = LoginViewController.swift; sourceTree = "<group>"; };
		F49A9CB93EAD9DD0B5F1F9C6 /* Pods_ChatApp_iOS13.framework */ = {isa = PBXFileReference; explicitFileType = wrapper.framework; includeInIndex = 0; path = Pods_ChatApp_iOS13.framework; sourceTree = BUILT_PRODUCTS_DIR; };
		F4D3338555E23F05D58E53A6 /* Pods-ChatApp-iOS13.release.xcconfig */ = {isa = PBXFileReference; includeInIndex = 1; lastKnownFileType = text.xcconfig; name = "Pods-ChatApp-iOS13.release.xcconfig"; path = "Target Support Files/Pods-ChatApp-iOS13/Pods-ChatApp-iOS13.release.xcconfig"; sourceTree = "<group>"; };
		F6D1A41C2123B503C39B8688 /* Pods-ChatApp-iOS13.debug.xcconfig */ = {isa = PBXFileReference; includeInIndex = 1; lastKnownFileType = text.xcconfig; name = "Pods-ChatApp-iOS13.debug.xcconfig"; path = "Target Support Files/Pods-ChatApp-iOS13/Pods-ChatApp-iOS13.debug.xcconfig"; sourceTree = "<group>"; };
/* End PBXFileReference section */

/* Begin PBXFrameworksBuildPhase section */
		8DE383D22421018400B9D303 /* Frameworks */ = {
			isa = PBXFrameworksBuildPhase;
			buildActionMask = 2147483647;
			files = (
				BEEB299F853E0CD381EA08D8 /* Pods_ChatApp_iOS13.framework in Frameworks */,
				8DDE5865242814B500649841 /* IQKeyboardManagerSwift in Frameworks */,
			);
			runOnlyForDeploymentPostprocessing = 0;
		};
/* End PBXFrameworksBuildPhase section */

/* Begin PBXGroup section */
		8DDE585E2426323B00649841 /* Model */ = {
			isa = PBXGroup;
			children = (
				8DDE585C2426323600649841 /* Message.swift */,
			);
			path = Model;
			sourceTree = "<group>";
		};
		8DE383CC2421018400B9D303 = {
			isa = PBXGroup;
			children = (
				8DE383D72421018400B9D303 /* ChatApp-iOS13 */,
				8DE383D62421018400B9D303 /* Products */,
				B73DD445D3660DD1D6F6A471 /* Pods */,
				D316381F4BCFDCFEEFE2330F /* Frameworks */,
			);
			sourceTree = "<group>";
		};
		8DE383D62421018400B9D303 /* Products */ = {
			isa = PBXGroup;
			children = (
				8DE383D52421018400B9D303 /* ChatApp-iOS13.app */,
			);
			name = Products;
			sourceTree = "<group>";
		};
		8DE383D72421018400B9D303 /* ChatApp-iOS13 */ = {
			isa = PBXGroup;
			children = (
				8DE383D82421018400B9D303 /* AppDelegate.swift */,
				8DE383DA2421018400B9D303 /* SceneDelegate.swift */,
				8DDE585A2425085F00649841 /* Constsnts.swift */,
				8DDE585E2426323B00649841 /* Model */,
				8DE383F42422B5FE00B9D303 /* Controller */,
				8DE383F52422B60D00B9D303 /* View */,
				8DE383E12421018600B9D303 /* Assets.xcassets */,
				8DE383E32421018600B9D303 /* LaunchScreen.storyboard */,
				8DE383E62421018600B9D303 /* Info.plist */,
				8DD86ECD2423BF80001BB2B9 /* GoogleService-Info.plist */,
			);
			path = "ChatApp-iOS13";
			sourceTree = "<group>";
		};
		8DE383F42422B5FE00B9D303 /* Controller */ = {
			isa = PBXGroup;
			children = (
				8DE383EC24216D4900B9D303 /* MainViewController.swift */,
				8DE383EE2422B5BC00B9D303 /* RegisterViewController.swift */,
				8DE383F02422B5CE00B9D303 /* LoginViewController.swift */,
				8DDE58582423F68B00649841 /* ChatViewController.swift */,
			);
			path = Controller;
			sourceTree = "<group>";
		};
		8DE383F52422B60D00B9D303 /* View */ = {
			isa = PBXGroup;
			children = (
				8DE383DE2421018400B9D303 /* Main.storyboard */,
				8DDE585F2426786000649841 /* MessageCell.swift */,
				8DDE58602426786000649841 /* MessageCell.xib */,
			);
			path = View;
			sourceTree = "<group>";
		};
		B73DD445D3660DD1D6F6A471 /* Pods */ = {
			isa = PBXGroup;
			children = (
				F6D1A41C2123B503C39B8688 /* Pods-ChatApp-iOS13.debug.xcconfig */,
				F4D3338555E23F05D58E53A6 /* Pods-ChatApp-iOS13.release.xcconfig */,
			);
			path = Pods;
			sourceTree = "<group>";
		};
		D316381F4BCFDCFEEFE2330F /* Frameworks */ = {
			isa = PBXGroup;
			children = (
				F49A9CB93EAD9DD0B5F1F9C6 /* Pods_ChatApp_iOS13.framework */,
			);
			name = Frameworks;
			sourceTree = "<group>";
		};
/* End PBXGroup section */

/* Begin PBXNativeTarget section */
		8DE383D42421018400B9D303 /* ChatApp-iOS13 */ = {
			isa = PBXNativeTarget;
			buildConfigurationList = 8DE383E92421018600B9D303 /* Build configuration list for PBXNativeTarget "ChatApp-iOS13" */;
			buildPhases = (
				2C83869D4369D50572F405BF /* [CP] Check Pods Manifest.lock */,
				8DE383D12421018400B9D303 /* Sources */,
				8DE383D22421018400B9D303 /* Frameworks */,
				8DE383D32421018400B9D303 /* Resources */,
				1F6EBE75D0F1E589E2C7474C /* [CP] Embed Pods Frameworks */,
			);
			buildRules = (
			);
			dependencies = (
			);
			name = "ChatApp-iOS13";
			packageProductDependencies = (
				8DDE5864242814B500649841 /* IQKeyboardManagerSwift */,
			);
			productName = "ChatApp-iOS13";
			productReference = 8DE383D52421018400B9D303 /* ChatApp-iOS13.app */;
			productType = "com.apple.product-type.application";
		};
/* End PBXNativeTarget section */

/* Begin PBXProject section */
		8DE383CD2421018400B9D303 /* Project object */ = {
			isa = PBXProject;
			attributes = {
				LastSwiftUpdateCheck = 1130;
				LastUpgradeCheck = 1130;
				ORGANIZATIONNAME = "Dennis Nesanoff";
				TargetAttributes = {
					8DE383D42421018400B9D303 = {
						CreatedOnToolsVersion = 11.3.1;
					};
				};
			};
			buildConfigurationList = 8DE383D02421018400B9D303 /* Build configuration list for PBXProject "ChatApp-iOS13" */;
			compatibilityVersion = "Xcode 9.3";
			developmentRegion = en;
			hasScannedForEncodings = 0;
			knownRegions = (
				en,
				Base,
			);
			mainGroup = 8DE383CC2421018400B9D303;
			packageReferences = (
				8DDE5863242814B500649841 /* XCRemoteSwiftPackageReference "IQKeyboardManager" */,
			);
			productRefGroup = 8DE383D62421018400B9D303 /* Products */;
			projectDirPath = "";
			projectRoot = "";
			targets = (
				8DE383D42421018400B9D303 /* ChatApp-iOS13 */,
			);
		};
/* End PBXProject section */

/* Begin PBXResourcesBuildPhase section */
		8DE383D32421018400B9D303 /* Resources */ = {
			isa = PBXResourcesBuildPhase;
			buildActionMask = 2147483647;
			files = (
				8DDE58622426786000649841 /* MessageCell.xib in Resources */,
				8DE383E52421018600B9D303 /* LaunchScreen.storyboard in Resources */,
				8DD86ECE2423BF80001BB2B9 /* GoogleService-Info.plist in Resources */,
				8DE383E22421018600B9D303 /* Assets.xcassets in Resources */,
				8DE383E02421018400B9D303 /* Main.storyboard in Resources */,
			);
			runOnlyForDeploymentPostprocessing = 0;
		};
/* End PBXResourcesBuildPhase section */

/* Begin PBXShellScriptBuildPhase section */
		1F6EBE75D0F1E589E2C7474C /* [CP] Embed Pods Frameworks */ = {
			isa = PBXShellScriptBuildPhase;
			buildActionMask = 2147483647;
			files = (
			);
			inputFileListPaths = (
				"${PODS_ROOT}/Target Support Files/Pods-ChatApp-iOS13/Pods-ChatApp-iOS13-frameworks-${CONFIGURATION}-input-files.xcfilelist",
			);
			name = "[CP] Embed Pods Frameworks";
			outputFileListPaths = (
				"${PODS_ROOT}/Target Support Files/Pods-ChatApp-iOS13/Pods-ChatApp-iOS13-frameworks-${CONFIGURATION}-output-files.xcfilelist",
			);
			runOnlyForDeploymentPostprocessing = 0;
			shellPath = /bin/sh;
			shellScript = "\"${PODS_ROOT}/Target Support Files/Pods-ChatApp-iOS13/Pods-ChatApp-iOS13-frameworks.sh\"\n";
			showEnvVarsInLog = 0;
		};
		2C83869D4369D50572F405BF /* [CP] Check Pods Manifest.lock */ = {
			isa = PBXShellScriptBuildPhase;
			buildActionMask = 2147483647;
			files = (
			);
			inputFileListPaths = (
			);
			inputPaths = (
				"${PODS_PODFILE_DIR_PATH}/Podfile.lock",
				"${PODS_ROOT}/Manifest.lock",
			);
			name = "[CP] Check Pods Manifest.lock";
			outputFileListPaths = (
			);
			outputPaths = (
				"$(DERIVED_FILE_DIR)/Pods-ChatApp-iOS13-checkManifestLockResult.txt",
			);
			runOnlyForDeploymentPostprocessing = 0;
			shellPath = /bin/sh;
			shellScript = "diff \"${PODS_PODFILE_DIR_PATH}/Podfile.lock\" \"${PODS_ROOT}/Manifest.lock\" > /dev/null\nif [ $? != 0 ] ; then\n    # print error to STDERR\n    echo \"error: The sandbox is not in sync with the Podfile.lock. Run 'pod install' or update your CocoaPods installation.\" >&2\n    exit 1\nfi\n# This output is used by Xcode 'outputs' to avoid re-running this script phase.\necho \"SUCCESS\" > \"${SCRIPT_OUTPUT_FILE_0}\"\n";
			showEnvVarsInLog = 0;
		};
/* End PBXShellScriptBuildPhase section */

/* Begin PBXSourcesBuildPhase section */
		8DE383D12421018400B9D303 /* Sources */ = {
			isa = PBXSourcesBuildPhase;
			buildActionMask = 2147483647;
			files = (
				8DE383ED24216D4900B9D303 /* MainViewController.swift in Sources */,
				8DDE585B2425085F00649841 /* Constsnts.swift in Sources */,
				8DE383D92421018400B9D303 /* AppDelegate.swift in Sources */,
				8DDE58592423F68B00649841 /* ChatViewController.swift in Sources */,
				8DE383DB2421018400B9D303 /* SceneDelegate.swift in Sources */,
				8DDE585D2426323600649841 /* Message.swift in Sources */,
				8DE383F12422B5CE00B9D303 /* LoginViewController.swift in Sources */,
				8DE383EF2422B5BC00B9D303 /* RegisterViewController.swift in Sources */,
				8DDE58612426786000649841 /* MessageCell.swift in Sources */,
			);
			runOnlyForDeploymentPostprocessing = 0;
		};
/* End PBXSourcesBuildPhase section */

/* Begin PBXVariantGroup section */
		8DE383DE2421018400B9D303 /* Main.storyboard */ = {
			isa = PBXVariantGroup;
			children = (
				8DE383DF2421018400B9D303 /* Base */,
			);
			name = Main.storyboard;
			sourceTree = "<group>";
		};
		8DE383E32421018600B9D303 /* LaunchScreen.storyboard */ = {
			isa = PBXVariantGroup;
			children = (
				8DE383E42421018600B9D303 /* Base */,
			);
			name = LaunchScreen.storyboard;
			sourceTree = "<group>";
		};
/* End PBXVariantGroup section */

/* Begin XCBuildConfiguration section */
		8DE383E72421018600B9D303 /* Debug */ = {
			isa = XCBuildConfiguration;
			buildSettings = {
				ALWAYS_SEARCH_USER_PATHS = NO;
				CLANG_ANALYZER_NONNULL = YES;
				CLANG_ANALYZER_NUMBER_OBJECT_CONVERSION = YES_AGGRESSIVE;
				CLANG_CXX_LANGUAGE_STANDARD = "gnu++14";
				CLANG_CXX_LIBRARY = "libc++";
				CLANG_ENABLE_MODULES = YES;
				CLANG_ENABLE_OBJC_ARC = YES;
				CLANG_ENABLE_OBJC_WEAK = YES;
				CLANG_WARN_BLOCK_CAPTURE_AUTORELEASING = YES;
				CLANG_WARN_BOOL_CONVERSION = YES;
				CLANG_WARN_COMMA = YES;
				CLANG_WARN_CONSTANT_CONVERSION = YES;
				CLANG_WARN_DEPRECATED_OBJC_IMPLEMENTATIONS = YES;
				CLANG_WARN_DIRECT_OBJC_ISA_USAGE = YES_ERROR;
				CLANG_WARN_DOCUMENTATION_COMMENTS = YES;
				CLANG_WARN_EMPTY_BODY = YES;
				CLANG_WARN_ENUM_CONVERSION = YES;
				CLANG_WARN_INFINITE_RECURSION = YES;
				CLANG_WARN_INT_CONVERSION = YES;
				CLANG_WARN_NON_LITERAL_NULL_CONVERSION = YES;
				CLANG_WARN_OBJC_IMPLICIT_RETAIN_SELF = YES;
				CLANG_WARN_OBJC_LITERAL_CONVERSION = YES;
				CLANG_WARN_OBJC_ROOT_CLASS = YES_ERROR;
				CLANG_WARN_RANGE_LOOP_ANALYSIS = YES;
				CLANG_WARN_STRICT_PROTOTYPES = YES;
				CLANG_WARN_SUSPICIOUS_MOVE = YES;
				CLANG_WARN_UNGUARDED_AVAILABILITY = YES_AGGRESSIVE;
				CLANG_WARN_UNREACHABLE_CODE = YES;
				CLANG_WARN__DUPLICATE_METHOD_MATCH = YES;
				COPY_PHASE_STRIP = NO;
				DEBUG_INFORMATION_FORMAT = dwarf;
				ENABLE_STRICT_OBJC_MSGSEND = YES;
				ENABLE_TESTABILITY = YES;
				GCC_C_LANGUAGE_STANDARD = gnu11;
				GCC_DYNAMIC_NO_PIC = NO;
				GCC_NO_COMMON_BLOCKS = YES;
				GCC_OPTIMIZATION_LEVEL = 0;
				GCC_PREPROCESSOR_DEFINITIONS = (
					"DEBUG=1",
					"$(inherited)",
				);
				GCC_WARN_64_TO_32_BIT_CONVERSION = YES;
				GCC_WARN_ABOUT_RETURN_TYPE = YES_ERROR;
				GCC_WARN_UNDECLARED_SELECTOR = YES;
				GCC_WARN_UNINITIALIZED_AUTOS = YES_AGGRESSIVE;
				GCC_WARN_UNUSED_FUNCTION = YES;
				GCC_WARN_UNUSED_VARIABLE = YES;
				IPHONEOS_DEPLOYMENT_TARGET = 13.2;
				MTL_ENABLE_DEBUG_INFO = INCLUDE_SOURCE;
				MTL_FAST_MATH = YES;
				ONLY_ACTIVE_ARCH = YES;
				SDKROOT = iphoneos;
				SWIFT_ACTIVE_COMPILATION_CONDITIONS = DEBUG;
				SWIFT_OPTIMIZATION_LEVEL = "-Onone";
			};
			name = Debug;
		};
		8DE383E82421018600B9D303 /* Release */ = {
			isa = XCBuildConfiguration;
			buildSettings = {
				ALWAYS_SEARCH_USER_PATHS = NO;
				CLANG_ANALYZER_NONNULL = YES;
				CLANG_ANALYZER_NUMBER_OBJECT_CONVERSION = YES_AGGRESSIVE;
				CLANG_CXX_LANGUAGE_STANDARD = "gnu++14";
				CLANG_CXX_LIBRARY = "libc++";
				CLANG_ENABLE_MODULES = YES;
				CLANG_ENABLE_OBJC_ARC = YES;
				CLANG_ENABLE_OBJC_WEAK = YES;
				CLANG_WARN_BLOCK_CAPTURE_AUTORELEASING = YES;
				CLANG_WARN_BOOL_CONVERSION = YES;
				CLANG_WARN_COMMA = YES;
				CLANG_WARN_CONSTANT_CONVERSION = YES;
				CLANG_WARN_DEPRECATED_OBJC_IMPLEMENTATIONS = YES;
				CLANG_WARN_DIRECT_OBJC_ISA_USAGE = YES_ERROR;
				CLANG_WARN_DOCUMENTATION_COMMENTS = YES;
				CLANG_WARN_EMPTY_BODY = YES;
				CLANG_WARN_ENUM_CONVERSION = YES;
				CLANG_WARN_INFINITE_RECURSION = YES;
				CLANG_WARN_INT_CONVERSION = YES;
				CLANG_WARN_NON_LITERAL_NULL_CONVERSION = YES;
				CLANG_WARN_OBJC_IMPLICIT_RETAIN_SELF = YES;
				CLANG_WARN_OBJC_LITERAL_CONVERSION = YES;
				CLANG_WARN_OBJC_ROOT_CLASS = YES_ERROR;
				CLANG_WARN_RANGE_LOOP_ANALYSIS = YES;
				CLANG_WARN_STRICT_PROTOTYPES = YES;
				CLANG_WARN_SUSPICIOUS_MOVE = YES;
				CLANG_WARN_UNGUARDED_AVAILABILITY = YES_AGGRESSIVE;
				CLANG_WARN_UNREACHABLE_CODE = YES;
				CLANG_WARN__DUPLICATE_METHOD_MATCH = YES;
				COPY_PHASE_STRIP = NO;
				DEBUG_INFORMATION_FORMAT = "dwarf-with-dsym";
				ENABLE_NS_ASSERTIONS = NO;
				ENABLE_STRICT_OBJC_MSGSEND = YES;
				GCC_C_LANGUAGE_STANDARD = gnu11;
				GCC_NO_COMMON_BLOCKS = YES;
				GCC_WARN_64_TO_32_BIT_CONVERSION = YES;
				GCC_WARN_ABOUT_RETURN_TYPE = YES_ERROR;
				GCC_WARN_UNDECLARED_SELECTOR = YES;
				GCC_WARN_UNINITIALIZED_AUTOS = YES_AGGRESSIVE;
				GCC_WARN_UNUSED_FUNCTION = YES;
				GCC_WARN_UNUSED_VARIABLE = YES;
				IPHONEOS_DEPLOYMENT_TARGET = 13.2;
				MTL_ENABLE_DEBUG_INFO = NO;
				MTL_FAST_MATH = YES;
				SDKROOT = iphoneos;
				SWIFT_COMPILATION_MODE = wholemodule;
				SWIFT_OPTIMIZATION_LEVEL = "-O";
				VALIDATE_PRODUCT = YES;
			};
			name = Release;
		};
		8DE383EA2421018600B9D303 /* Debug */ = {
			isa = XCBuildConfiguration;
			baseConfigurationReference = F6D1A41C2123B503C39B8688 /* Pods-ChatApp-iOS13.debug.xcconfig */;
			buildSettings = {
				ASSETCATALOG_COMPILER_APPICON_NAME = AppIcon;
				CODE_SIGN_STYLE = Automatic;
				DEVELOPMENT_TEAM = C4R95F3PX7;
				INFOPLIST_FILE = "ChatApp-iOS13/Info.plist";
				LD_RUNPATH_SEARCH_PATHS = (
					"$(inherited)",
					"@executable_path/Frameworks",
				);
				PRODUCT_BUNDLE_IDENTIFIER = "com.nesanoff.ChatApp-iOS13";
				PRODUCT_NAME = "$(TARGET_NAME)";
				SWIFT_VERSION = 5.0;
				TARGETED_DEVICE_FAMILY = "1,2";
			};
			name = Debug;
		};
		8DE383EB2421018600B9D303 /* Release */ = {
			isa = XCBuildConfiguration;
			baseConfigurationReference = F4D3338555E23F05D58E53A6 /* Pods-ChatApp-iOS13.release.xcconfig */;
			buildSettings = {
				ASSETCATALOG_COMPILER_APPICON_NAME = AppIcon;
				CODE_SIGN_STYLE = Automatic;
				DEVELOPMENT_TEAM = C4R95F3PX7;
				INFOPLIST_FILE = "ChatApp-iOS13/Info.plist";
				LD_RUNPATH_SEARCH_PATHS = (
					"$(inherited)",
					"@executable_path/Frameworks",
				);
				PRODUCT_BUNDLE_IDENTIFIER = "com.nesanoff.ChatApp-iOS13";
				PRODUCT_NAME = "$(TARGET_NAME)";
				SWIFT_VERSION = 5.0;
				TARGETED_DEVICE_FAMILY = "1,2";
			};
			name = Release;
		};
/* End XCBuildConfiguration section */

/* Begin XCConfigurationList section */
		8DE383D02421018400B9D303 /* Build configuration list for PBXProject "ChatApp-iOS13" */ = {
			isa = XCConfigurationList;
			buildConfigurations = (
				8DE383E72421018600B9D303 /* Debug */,
				8DE383E82421018600B9D303 /* Release */,
			);
			defaultConfigurationIsVisible = 0;
			defaultConfigurationName = Release;
		};
		8DE383E92421018600B9D303 /* Build configuration list for PBXNativeTarget "ChatApp-iOS13" */ = {
			isa = XCConfigurationList;
			buildConfigurations = (
				8DE383EA2421018600B9D303 /* Debug */,
				8DE383EB2421018600B9D303 /* Release */,
			);
			defaultConfigurationIsVisible = 0;
			defaultConfigurationName = Release;
		};
/* End XCConfigurationList section */

/* Begin XCRemoteSwiftPackageReference section */
		8DDE5863242814B500649841 /* XCRemoteSwiftPackageReference "IQKeyboardManager" */ = {
			isa = XCRemoteSwiftPackageReference;
			repositoryURL = "https://github.com/hackiftekhar/IQKeyboardManager";
			requirement = {
				kind = upToNextMajorVersion;
				minimumVersion = 6.5.5;
			};
		};
/* End XCRemoteSwiftPackageReference section */

/* Begin XCSwiftPackageProductDependency section */
		8DDE5864242814B500649841 /* IQKeyboardManagerSwift */ = {
			isa = XCSwiftPackageProductDependency;
			package = 8DDE5863242814B500649841 /* XCRemoteSwiftPackageReference "IQKeyboardManager" */;
			productName = IQKeyboardManagerSwift;
		};
/* End XCSwiftPackageProductDependency section */
	};
	rootObject = 8DE383CD2421018400B9D303 /* Project object */;
}
